
Microsoft Visual Studio Solution File, Format Version 12.00
# Visual Studio 15
VisualStudioVersion = 15.0.27703.2026
MinimumVisualStudioVersion = 10.0.40219.1
Project("{FAE04EC0-301F-11D3-BF4B-00C04F79EFBC}") = "ListaConLista", "ListaConLista\ListaConLista.csproj", "{09EADE81-5BA1-4F49-B4B9-62910CD02B7D}"
EndProject
Global
	GlobalSection(SolutionConfigurationPlatforms) = preSolution
		Debug|Any CPU = Debug|Any CPU
		Release|Any CPU = Release|Any CPU
	EndGlobalSection
	GlobalSection(ProjectConfigurationPlatforms) = postSolution
		{09EADE81-5BA1-4F49-B4B9-62910CD02B7D}.Debug|Any CPU.ActiveCfg = Debug|Any CPU
		{09EADE81-5BA1-4F49-B4B9-62910CD02B7D}.Debug|Any CPU.Build.0 = Debug|Any CPU
		{09EADE81-5BA1-4F49-B4B9-62910CD02B7D}.Release|Any CPU.ActiveCfg = Release|Any CPU
		{09EADE81-5BA1-4F49-B4B9-62910CD02B7D}.Release|Any CPU.Build.0 = Release|Any CPU
	EndGlobalSection
	GlobalSection(SolutionProperties) = preSolution
		HideSolutionNode = FALSE
	EndGlobalSection
	GlobalSection(ExtensibilityGlobals) = postSolution
		SolutionGuid = {13758B02-5D4B-49BB-AD9A-DE82FD40F5B5}
	EndGlobalSection
EndGlobal
